<?xml version="1.0" encoding="UTF-8"?>
<Scheme
   version = "1.3">
   <BuildAction>
      <BuildActionEntries>
         <BuildActionEntry
            buildForRunning = "YES">
            <BuildableReference
               BuildableIdentifier = "primary"
               BlueprintIdentifier = "B844A8A2275BAABA00C3B4CA"
               BuildableName = "climatizer-mobile.app"
               BlueprintName = "climatizer-mobile"
               ReferencedContainer = "container:climatizer-mobile.xcodeproj">
            </BuildableReference>
         </BuildActionEntry>
      </BuildActionEntries>
   </BuildAction>
   <LaunchAction
      useCustomWorkingDirectory = "NO"
      buildConfiguration = "Debug"
      allowLocationSimulation = "YES">
      <BuildableProductRunnable>
         <BuildableReference
            BuildableIdentifier = "primary"
            BlueprintIdentifier = "B844A8A2275BAABA00C3B4CA"
            BuildableName = "climatizer-mobile.app"
            BlueprintName = "climatizer-mobile"
            ReferencedContainer = "container:climatizer-mobile.xcodeproj">
         </BuildableReference>
      </BuildableProductRunnable>
   </LaunchAction>
</Scheme>
