// !$*UTF8*$!
{
	archiveVersion = 1;
	classes = {
	};
	objectVersion = 55;
	objects = {

/* Begin PBXBuildFile section */
		B844A8A7275BAABA00C3B4CA /* climatizer_mobileApp.swift in Sources */ = {isa = PBXBuildFile; fileRef = B844A8A6275BAABA00C3B4CA /* climatizer_mobileApp.swift */; };
		B844A8A9275BAABA00C3B4CA /* AuthPage.swift in Sources */ = {isa = PBXBuildFile; fileRef = B844A8A8275BAABA00C3B4CA /* AuthPage.swift */; };
		B844A8AB275BAABB00C3B4CA /* Assets.xcassets in Resources */ = {isa = PBXBuildFile; fileRef = B844A8AA275BAABB00C3B4CA /* Assets.xcassets */; };
		B844A8AE275BAABB00C3B4CA /* Preview Assets.xcassets in Resources */ = {isa = PBXBuildFile; fileRef = B844A8AD275BAABB00C3B4CA /* Preview Assets.xcassets */; };
		B844A8B5275BB67E00C3B4CA /* KeyboardResponder.swift in Sources */ = {isa = PBXBuildFile; fileRef = B844A8B4275BB67E00C3B4CA /* KeyboardResponder.swift */; };
		B844A8B7275BC13400C3B4CA /* (null) in Embed Frameworks */ = {isa = PBXBuildFile; settings = {ATTRIBUTES = (CodeSignOnCopy, RemoveHeadersOnCopy, ); }; };
		B844A8BB275BC15200C3B4CA /* Alamofire in Frameworks */ = {isa = PBXBuildFile; productRef = B844A8BA275BC15200C3B4CA /* Alamofire */; };
		B8BFAB2B2772378800E558A6 /* Room.swift in Sources */ = {isa = PBXBuildFile; fileRef = B8BFAB2A2772378800E558A6 /* Room.swift */; };
		B8DBD742275F9CA800391E13 /* Workspace.swift in Sources */ = {isa = PBXBuildFile; fileRef = B8DBD741275F9CA800391E13 /* Workspace.swift */; };
		B8DBD745275FA1D800391E13 /* SwiftUIRouter in Frameworks */ = {isa = PBXBuildFile; productRef = B8DBD744275FA1D800391E13 /* SwiftUIRouter */; };
/* End PBXBuildFile section */

/* Begin PBXCopyFilesBuildPhase section */
		B844A8B8275BC13400C3B4CA /* Embed Frameworks */ = {
			isa = PBXCopyFilesBuildPhase;
			buildActionMask = 2147483647;
			dstPath = "";
			dstSubfolderSpec = 10;
			files = (
				B844A8B7275BC13400C3B4CA /* (null) in Embed Frameworks */,
			);
			name = "Embed Frameworks";
			runOnlyForDeploymentPostprocessing = 0;
		};
/* End PBXCopyFilesBuildPhase section */

/* Begin PBXFileReference section */
		B844A8A3275BAABA00C3B4CA /* climatizer-mobile.app */ = {isa = PBXFileReference; explicitFileType = wrapper.application; includeInIndex = 0; path = "climatizer-mobile.app"; sourceTree = BUILT_PRODUCTS_DIR; };
		B844A8A6275BAABA00C3B4CA /* climatizer_mobileApp.swift */ = {isa = PBXFileReference; lastKnownFileType = sourcecode.swift; path = climatizer_mobileApp.swift; sourceTree = "<group>"; };
		B844A8A8275BAABA00C3B4CA /* AuthPage.swift */ = {isa = PBXFileReference; lastKnownFileType = sourcecode.swift; path = AuthPage.swift; sourceTree = "<group>"; };
		B844A8AA275BAABB00C3B4CA /* Assets.xcassets */ = {isa = PBXFileReference; lastKnownFileType = folder.assetcatalog; path = Assets.xcassets; sourceTree = "<group>"; };
		B844A8AD275BAABB00C3B4CA /* Preview Assets.xcassets */ = {isa = PBXFileReference; lastKnownFileType = folder.assetcatalog; path = "Preview Assets.xcassets"; sourceTree = "<group>"; };
		B844A8B4275BB67E00C3B4CA /* KeyboardResponder.swift */ = {isa = PBXFileReference; lastKnownFileType = sourcecode.swift; path = KeyboardResponder.swift; sourceTree = "<group>"; };
		B8BFAB2A2772378800E558A6 /* Room.swift */ = {isa = PBXFileReference; lastKnownFileType = sourcecode.swift; path = Room.swift; sourceTree = "<group>"; };
		B8DBD741275F9CA800391E13 /* Workspace.swift */ = {isa = PBXFileReference; lastKnownFileType = sourcecode.swift; path = Workspace.swift; sourceTree = "<group>"; };
/* End PBXFileReference section */

/* Begin PBXFrameworksBuildPhase section */
		B844A8A0275BAABA00C3B4CA /* Frameworks */ = {
			isa = PBXFrameworksBuildPhase;
			buildActionMask = 2147483647;
			files = (
				B844A8BB275BC15200C3B4CA /* Alamofire in Frameworks */,
				B8DBD745275FA1D800391E13 /* SwiftUIRouter in Frameworks */,
			);
			runOnlyForDeploymentPostprocessing = 0;
		};
/* End PBXFrameworksBuildPhase section */

/* Begin PBXGroup section */
		2143C9293909963DA1605181 /* Pods */ = {
			isa = PBXGroup;
			children = (
			);
			path = Pods;
			sourceTree = "<group>";
		};
		B844A89A275BAABA00C3B4CA = {
			isa = PBXGroup;
			children = (
				B844A8A5275BAABA00C3B4CA /* climatizer-mobile */,
				B844A8A4275BAABA00C3B4CA /* Products */,
				2143C9293909963DA1605181 /* Pods */,
			);
			sourceTree = "<group>";
		};
		B844A8A4275BAABA00C3B4CA /* Products */ = {
			isa = PBXGroup;
			children = (
				B844A8A3275BAABA00C3B4CA /* climatizer-mobile.app */,
			);
			name = Products;
			sourceTree = "<group>";
		};
		B844A8A5275BAABA00C3B4CA /* climatizer-mobile */ = {
			isa = PBXGroup;
			children = (
				B844A8A6275BAABA00C3B4CA /* climatizer_mobileApp.swift */,
				B844A8A8275BAABA00C3B4CA /* AuthPage.swift */,
				B844A8AA275BAABB00C3B4CA /* Assets.xcassets */,
				B844A8AC275BAABB00C3B4CA /* Preview Content */,
				B844A8B4275BB67E00C3B4CA /* KeyboardResponder.swift */,
				B8DBD741275F9CA800391E13 /* Workspace.swift */,
				B8BFAB2A2772378800E558A6 /* Room.swift */,
			);
			path = "climatizer-mobile";
			sourceTree = "<group>";
		};
		B844A8AC275BAABB00C3B4CA /* Preview Content */ = {
			isa = PBXGroup;
			children = (
				B844A8AD275BAABB00C3B4CA /* Preview Assets.xcassets */,
			);
			path = "Preview Content";
			sourceTree = "<group>";
		};
/* End PBXGroup section */

/* Begin PBXNativeTarget section */
		B844A8A2275BAABA00C3B4CA /* climatizer-mobile */ = {
			isa = PBXNativeTarget;
			buildConfigurationList = B844A8B1275BAABB00C3B4CA /* Build configuration list for PBXNativeTarget "climatizer-mobile" */;
			buildPhases = (
				B844A89F275BAABA00C3B4CA /* Sources */,
				B844A8A0275BAABA00C3B4CA /* Frameworks */,
				B844A8A1275BAABA00C3B4CA /* Resources */,
				B844A8B8275BC13400C3B4CA /* Embed Frameworks */,
			);
			buildRules = (
			);
			dependencies = (
			);
			name = "climatizer-mobile";
			packageProductDependencies = (
				B844A8BA275BC15200C3B4CA /* Alamofire */,
				B8DBD744275FA1D800391E13 /* SwiftUIRouter */,
			);
			productName = "climatizer-mobile";
			productReference = B844A8A3275BAABA00C3B4CA /* climatizer-mobile.app */;
			productType = "com.apple.product-type.application";
		};
/* End PBXNativeTarget section */

/* Begin PBXProject section */
		B844A89B275BAABA00C3B4CA /* Project object */ = {
			isa = PBXProject;
			attributes = {
				BuildIndependentTargetsInParallel = 1;
				LastSwiftUpdateCheck = 1310;
				LastUpgradeCheck = 1310;
				TargetAttributes = {
					B844A8A2275BAABA00C3B4CA = {
						CreatedOnToolsVersion = 13.1;
					};
				};
			};
			buildConfigurationList = B844A89E275BAABA00C3B4CA /* Build configuration list for PBXProject "climatizer-mobile" */;
			compatibilityVersion = "Xcode 13.0";
			developmentRegion = en;
			hasScannedForEncodings = 0;
			knownRegions = (
				en,
				Base,
			);
			mainGroup = B844A89A275BAABA00C3B4CA;
			packageReferences = (
				B844A8B9275BC15200C3B4CA /* XCRemoteSwiftPackageReference "Alamofire" */,
				B8DBD743275FA1D800391E13 /* XCRemoteSwiftPackageReference "SwiftUIRouter" */,
			);
			productRefGroup = B844A8A4275BAABA00C3B4CA /* Products */;
			projectDirPath = "";
			projectRoot = "";
			targets = (
				B844A8A2275BAABA00C3B4CA /* climatizer-mobile */,
			);
		};
/* End PBXProject section */

/* Begin PBXResourcesBuildPhase section */
		B844A8A1275BAABA00C3B4CA /* Resources */ = {
			isa = PBXResourcesBuildPhase;
			buildActionMask = 2147483647;
			files = (
				B844A8AE275BAABB00C3B4CA /* Preview Assets.xcassets in Resources */,
				B844A8AB275BAABB00C3B4CA /* Assets.xcassets in Resources */,
			);
			runOnlyForDeploymentPostprocessing = 0;
		};
/* End PBXResourcesBuildPhase section */

/* Begin PBXSourcesBuildPhase section */
		B844A89F275BAABA00C3B4CA /* Sources */ = {
			isa = PBXSourcesBuildPhase;
			buildActionMask = 2147483647;
			files = (
				B844A8A9275BAABA00C3B4CA /* AuthPage.swift in Sources */,
				B8DBD742275F9CA800391E13 /* Workspace.swift in Sources */,
				B844A8A7275BAABA00C3B4CA /* climatizer_mobileApp.swift in Sources */,
				B844A8B5275BB67E00C3B4CA /* KeyboardResponder.swift in Sources */,
				B8BFAB2B2772378800E558A6 /* Room.swift in Sources */,
			);
			runOnlyForDeploymentPostprocessing = 0;
		};
/* End PBXSourcesBuildPhase section */

/* Begin XCBuildConfiguration section */
		B844A8AF275BAABB00C3B4CA /* Debug */ = {
			isa = XCBuildConfiguration;
			buildSettings = {
				ALWAYS_SEARCH_USER_PATHS = NO;
				CLANG_ANALYZER_NONNULL = YES;
				CLANG_ANALYZER_NUMBER_OBJECT_CONVERSION = YES_AGGRESSIVE;
				CLANG_CXX_LANGUAGE_STANDARD = "gnu++17";
				CLANG_CXX_LIBRARY = "libc++";
				CLANG_ENABLE_MODULES = YES;
				CLANG_ENABLE_OBJC_ARC = YES;
				CLANG_ENABLE_OBJC_WEAK = YES;
				CLANG_WARN_BLOCK_CAPTURE_AUTORELEASING = YES;
				CLANG_WARN_BOOL_CONVERSION = YES;
				CLANG_WARN_COMMA = YES;
				CLANG_WARN_CONSTANT_CONVERSION = YES;
				CLANG_WARN_DEPRECATED_OBJC_IMPLEMENTATIONS = YES;
				CLANG_WARN_DIRECT_OBJC_ISA_USAGE = YES_ERROR;
				CLANG_WARN_DOCUMENTATION_COMMENTS = YES;
				CLANG_WARN_EMPTY_BODY = YES;
				CLANG_WARN_ENUM_CONVERSION = YES;
				CLANG_WARN_INFINITE_RECURSION = YES;
				CLANG_WARN_INT_CONVERSION = YES;
				CLANG_WARN_NON_LITERAL_NULL_CONVERSION = YES;
				CLANG_WARN_OBJC_IMPLICIT_RETAIN_SELF = YES;
				CLANG_WARN_OBJC_LITERAL_CONVERSION = YES;
				CLANG_WARN_OBJC_ROOT_CLASS = YES_ERROR;
				CLANG_WARN_QUOTED_INCLUDE_IN_FRAMEWORK_HEADER = YES;
				CLANG_WARN_RANGE_LOOP_ANALYSIS = YES;
				CLANG_WARN_STRICT_PROTOTYPES = YES;
				CLANG_WARN_SUSPICIOUS_MOVE = YES;
				CLANG_WARN_UNGUARDED_AVAILABILITY = YES_AGGRESSIVE;
				CLANG_WARN_UNREACHABLE_CODE = YES;
				CLANG_WARN__DUPLICATE_METHOD_MATCH = YES;
				COPY_PHASE_STRIP = NO;
				DEBUG_INFORMATION_FORMAT = dwarf;
				ENABLE_STRICT_OBJC_MSGSEND = YES;
				ENABLE_TESTABILITY = YES;
				GCC_C_LANGUAGE_STANDARD = gnu11;
				GCC_DYNAMIC_NO_PIC = NO;
				GCC_NO_COMMON_BLOCKS = YES;
				GCC_OPTIMIZATION_LEVEL = 0;
				GCC_PREPROCESSOR_DEFINITIONS = (
					"DEBUG=1",
					"$(inherited)",
				);
				GCC_WARN_64_TO_32_BIT_CONVERSION = YES;
				GCC_WARN_ABOUT_RETURN_TYPE = YES_ERROR;
				GCC_WARN_UNDECLARED_SELECTOR = YES;
				GCC_WARN_UNINITIALIZED_AUTOS = YES_AGGRESSIVE;
				GCC_WARN_UNUSED_FUNCTION = YES;
				GCC_WARN_UNUSED_VARIABLE = YES;
				IPHONEOS_DEPLOYMENT_TARGET = 15.0;
				MTL_ENABLE_DEBUG_INFO = INCLUDE_SOURCE;
				MTL_FAST_MATH = YES;
				ONLY_ACTIVE_ARCH = YES;
				SDKROOT = iphoneos;
				SWIFT_ACTIVE_COMPILATION_CONDITIONS = DEBUG;
				SWIFT_OPTIMIZATION_LEVEL = "-Onone";
			};
			name = Debug;
		};
		B844A8B0275BAABB00C3B4CA /* Release */ = {
			isa = XCBuildConfiguration;
			buildSettings = {
				ALWAYS_SEARCH_USER_PATHS = NO;
				CLANG_ANALYZER_NONNULL = YES;
				CLANG_ANALYZER_NUMBER_OBJECT_CONVERSION = YES_AGGRESSIVE;
				CLANG_CXX_LANGUAGE_STANDARD = "gnu++17";
				CLANG_CXX_LIBRARY = "libc++";
				CLANG_ENABLE_MODULES = YES;
				CLANG_ENABLE_OBJC_ARC = YES;
				CLANG_ENABLE_OBJC_WEAK = YES;
				CLANG_WARN_BLOCK_CAPTURE_AUTORELEASING = YES;
				CLANG_WARN_BOOL_CONVERSION = YES;
				CLANG_WARN_COMMA = YES;
				CLANG_WARN_CONSTANT_CONVERSION = YES;
				CLANG_WARN_DEPRECATED_OBJC_IMPLEMENTATIONS = YES;
				CLANG_WARN_DIRECT_OBJC_ISA_USAGE = YES_ERROR;
				CLANG_WARN_DOCUMENTATION_COMMENTS = YES;
				CLANG_WARN_EMPTY_BODY = YES;
				CLANG_WARN_ENUM_CONVERSION = YES;
				CLANG_WARN_INFINITE_RECURSION = YES;
				CLANG_WARN_INT_CONVERSION = YES;
				CLANG_WARN_NON_LITERAL_NULL_CONVERSION = YES;
				CLANG_WARN_OBJC_IMPLICIT_RETAIN_SELF = YES;
				CLANG_WARN_OBJC_LITERAL_CONVERSION = YES;
				CLANG_WARN_OBJC_ROOT_CLASS = YES_ERROR;
				CLANG_WARN_QUOTED_INCLUDE_IN_FRAMEWORK_HEADER = YES;
				CLANG_WARN_RANGE_LOOP_ANALYSIS = YES;
				CLANG_WARN_STRICT_PROTOTYPES = YES;
				CLANG_WARN_SUSPICIOUS_MOVE = YES;
				CLANG_WARN_UNGUARDED_AVAILABILITY = YES_AGGRESSIVE;
				CLANG_WARN_UNREACHABLE_CODE = YES;
				CLANG_WARN__DUPLICATE_METHOD_MATCH = YES;
				COPY_PHASE_STRIP = NO;
				DEBUG_INFORMATION_FORMAT = "dwarf-with-dsym";
				ENABLE_NS_ASSERTIONS = NO;
				ENABLE_STRICT_OBJC_MSGSEND = YES;
				GCC_C_LANGUAGE_STANDARD = gnu11;
				GCC_NO_COMMON_BLOCKS = YES;
				GCC_WARN_64_TO_32_BIT_CONVERSION = YES;
				GCC_WARN_ABOUT_RETURN_TYPE = YES_ERROR;
				GCC_WARN_UNDECLARED_SELECTOR = YES;
				GCC_WARN_UNINITIALIZED_AUTOS = YES_AGGRESSIVE;
				GCC_WARN_UNUSED_FUNCTION = YES;
				GCC_WARN_UNUSED_VARIABLE = YES;
				IPHONEOS_DEPLOYMENT_TARGET = 15.0;
				MTL_ENABLE_DEBUG_INFO = NO;
				MTL_FAST_MATH = YES;
				SDKROOT = iphoneos;
				SWIFT_COMPILATION_MODE = wholemodule;
				SWIFT_OPTIMIZATION_LEVEL = "-O";
				VALIDATE_PRODUCT = YES;
			};
			name = Release;
		};
		B844A8B2275BAABB00C3B4CA /* Debug */ = {
			isa = XCBuildConfiguration;
			buildSettings = {
				ASSETCATALOG_COMPILER_APPICON_NAME = AppIcon;
				ASSETCATALOG_COMPILER_GLOBAL_ACCENT_COLOR_NAME = AccentColor;
				CODE_SIGN_STYLE = Automatic;
				CURRENT_PROJECT_VERSION = 1;
				DEVELOPMENT_ASSET_PATHS = "\"climatizer-mobile/Preview Content\"";
				DEVELOPMENT_TEAM = AQ3B4U2V45;
				ENABLE_PREVIEWS = YES;
				GENERATE_INFOPLIST_FILE = YES;
				INFOPLIST_KEY_UIApplicationSceneManifest_Generation = YES;
				INFOPLIST_KEY_UIApplicationSupportsIndirectInputEvents = YES;
				INFOPLIST_KEY_UILaunchScreen_Generation = YES;
				INFOPLIST_KEY_UISupportedInterfaceOrientations_iPad = "UIInterfaceOrientationPortrait UIInterfaceOrientationPortraitUpsideDown UIInterfaceOrientationLandscapeLeft UIInterfaceOrientationLandscapeRight";
				INFOPLIST_KEY_UISupportedInterfaceOrientations_iPhone = "UIInterfaceOrientationPortrait UIInterfaceOrientationLandscapeLeft UIInterfaceOrientationLandscapeRight";
				LD_RUNPATH_SEARCH_PATHS = (
					"$(inherited)",
					"@executable_path/Frameworks",
				);
				MARKETING_VERSION = 1.0;
				PRODUCT_BUNDLE_IDENTIFIER = "yevhenii-bakhmat.climatizer-mobile";
				PRODUCT_NAME = "$(TARGET_NAME)";
				SWIFT_EMIT_LOC_STRINGS = YES;
				SWIFT_VERSION = 5.0;
				TARGETED_DEVICE_FAMILY = "1,2";
			};
			name = Debug;
		};
		B844A8B3275BAABB00C3B4CA /* Release */ = {
			isa = XCBuildConfiguration;
			buildSettings = {
				ASSETCATALOG_COMPILER_APPICON_NAME = AppIcon;
				ASSETCATALOG_COMPILER_GLOBAL_ACCENT_COLOR_NAME = AccentColor;
				CODE_SIGN_STYLE = Automatic;
				CURRENT_PROJECT_VERSION = 1;
				DEVELOPMENT_ASSET_PATHS = "\"climatizer-mobile/Preview Content\"";
				DEVELOPMENT_TEAM = AQ3B4U2V45;
				ENABLE_PREVIEWS = YES;
				GENERATE_INFOPLIST_FILE = YES;
				INFOPLIST_KEY_UIApplicationSceneManifest_Generation = YES;
				INFOPLIST_KEY_UIApplicationSupportsIndirectInputEvents = YES;
				INFOPLIST_KEY_UILaunchScreen_Generation = YES;
				INFOPLIST_KEY_UISupportedInterfaceOrientations_iPad = "UIInterfaceOrientationPortrait UIInterfaceOrientationPortraitUpsideDown UIInterfaceOrientationLandscapeLeft UIInterfaceOrientationLandscapeRight";
				INFOPLIST_KEY_UISupportedInterfaceOrientations_iPhone = "UIInterfaceOrientationPortrait UIInterfaceOrientationLandscapeLeft UIInterfaceOrientationLandscapeRight";
				LD_RUNPATH_SEARCH_PATHS = (
					"$(inherited)",
					"@executable_path/Frameworks",
				);
				MARKETING_VERSION = 1.0;
				PRODUCT_BUNDLE_IDENTIFIER = "yevhenii-bakhmat.climatizer-mobile";
				PRODUCT_NAME = "$(TARGET_NAME)";
				SWIFT_EMIT_LOC_STRINGS = YES;
				SWIFT_VERSION = 5.0;
				TARGETED_DEVICE_FAMILY = "1,2";
			};
			name = Release;
		};
/* End XCBuildConfiguration section */

/* Begin XCConfigurationList section */
		B844A89E275BAABA00C3B4CA /* Build configuration list for PBXProject "climatizer-mobile" */ = {
			isa = XCConfigurationList;
			buildConfigurations = (
				B844A8AF275BAABB00C3B4CA /* Debug */,
				B844A8B0275BAABB00C3B4CA /* Release */,
			);
			defaultConfigurationIsVisible = 0;
			defaultConfigurationName = Release;
		};
		B844A8B1275BAABB00C3B4CA /* Build configuration list for PBXNativeTarget "climatizer-mobile" */ = {
			isa = XCConfigurationList;
			buildConfigurations = (
				B844A8B2275BAABB00C3B4CA /* Debug */,
				B844A8B3275BAABB00C3B4CA /* Release */,
			);
			defaultConfigurationIsVisible = 0;
			defaultConfigurationName = Release;
		};
/* End XCConfigurationList section */

/* Begin XCRemoteSwiftPackageReference section */
		B844A8B9275BC15200C3B4CA /* XCRemoteSwiftPackageReference "Alamofire" */ = {
			isa = XCRemoteSwiftPackageReference;
			repositoryURL = "https://github.com/Alamofire/Alamofire";
			requirement = {
				branch = master;
				kind = branch;
			};
		};
		B8DBD743275FA1D800391E13 /* XCRemoteSwiftPackageReference "SwiftUIRouter" */ = {
			isa = XCRemoteSwiftPackageReference;
			repositoryURL = "https://github.com/frzi/SwiftUIRouter.git";
			requirement = {
				kind = upToNextMajorVersion;
				minimumVersion = 1.0.0;
			};
		};
/* End XCRemoteSwiftPackageReference section */

/* Begin XCSwiftPackageProductDependency section */
		B844A8BA275BC15200C3B4CA /* Alamofire */ = {
			isa = XCSwiftPackageProductDependency;
			package = B844A8B9275BC15200C3B4CA /* XCRemoteSwiftPackageReference "Alamofire" */;
			productName = Alamofire;
		};
		B8DBD744275FA1D800391E13 /* SwiftUIRouter */ = {
			isa = XCSwiftPackageProductDependency;
			package = B8DBD743275FA1D800391E13 /* XCRemoteSwiftPackageReference "SwiftUIRouter" */;
			productName = SwiftUIRouter;
		};
/* End XCSwiftPackageProductDependency section */
	};
	rootObject = B844A89B275BAABA00C3B4CA /* Project object */;
}
